
Microsoft Visual Studio Solution File, Format Version 12.00
# Visual Studio 15
VisualStudioVersion = 15.0.28307.136
MinimumVisualStudioVersion = 10.0.40219.1
Project("{FAE04EC0-301F-11D3-BF4B-00C04F79EFBC}") = "Mod3_Lab1", "Mod3_Lab1\Mod3_Lab1.csproj", "{9E3E1324-3BB6-4084-80CE-B8C8F5F500F9}"
EndProject
Global
	GlobalSection(SolutionConfigurationPlatforms) = preSolution
		Debug|Any CPU = Debug|Any CPU
		Release|Any CPU = Release|Any CPU
	EndGlobalSection
	GlobalSection(ProjectConfigurationPlatforms) = postSolution
		{9E3E1324-3BB6-4084-80CE-B8C8F5F500F9}.Debug|Any CPU.ActiveCfg = Debug|Any CPU
		{9E3E1324-3BB6-4084-80CE-B8C8F5F500F9}.Debug|Any CPU.Build.0 = Debug|Any CPU
		{9E3E1324-3BB6-4084-80CE-B8C8F5F500F9}.Release|Any CPU.ActiveCfg = Release|Any CPU
		{9E3E1324-3BB6-4084-80CE-B8C8F5F500F9}.Release|Any CPU.Build.0 = Release|Any CPU
	EndGlobalSection
	GlobalSection(SolutionProperties) = preSolution
		HideSolutionNode = FALSE
	EndGlobalSection
	GlobalSection(ExtensibilityGlobals) = postSolution
		SolutionGuid = {7E086A24-3E89-4083-BDF3-1A6ACE74E95F}
	EndGlobalSection
EndGlobal
